
Microsoft Visual Studio Solution File, Format Version 10.00
# Visual Studio 2008
Project("{8BC9CEB8-8B4A-11D0-8D11-00A0C91BC942}") = "Launcher", "Launcher\Launcher.vcproj", "{E570D697-10B4-45C2-BBB3-5A12017255D3}"
	ProjectSection(ProjectDependencies) = postProject
		{4FA1501A-FBF7-41BF-B828-D7FE9CDE427A} = {4FA1501A-FBF7-41BF-B828-D7FE9CDE427A}
		{DE49562B-F87F-48FE-AE4B-2ACE89892231} = {DE49562B-F87F-48FE-AE4B-2ACE89892231}
		{A10E8C75-5ED6-43CA-B317-06981CFF2D85} = {A10E8C75-5ED6-43CA-B317-06981CFF2D85}
		{EA241681-43C8-4918-B6DA-270B8D2E9723} = {EA241681-43C8-4918-B6DA-270B8D2E9723}
		{D9A503A4-F13B-4E32-B08D-866615DA4874} = {D9A503A4-F13B-4E32-B08D-866615DA4874}
		{81CE8DAF-EBB2-4761-8E45-B71ABCCA8C68} = {81CE8DAF-EBB2-4761-8E45-B71ABCCA8C68}
	EndProjectSection
EndProject
Project("{8BC9CEB8-8B4A-11D0-8D11-00A0C91BC942}") = "lua", "lua\lua_VS2008.vcproj", "{A10E8C75-5ED6-43CA-B317-06981CFF2D85}"
EndProject
Project("{8BC9CEB8-8B4A-11D0-8D11-00A0C91BC942}") = "SDL2", "SDL2-2.0.3\VisualC\SDL\SDL_VS2008.vcproj", "{81CE8DAF-EBB2-4761-8E45-B71ABCCA8C68}"
EndProject
Project("{8BC9CEB8-8B4A-11D0-8D11-00A0C91BC942}") = "ccan", "ccan\ccan.vcproj", "{EA241681-43C8-4918-B6DA-270B8D2E9723}"
	ProjectSection(ProjectDependencies) = postProject
		{81CE8DAF-EBB2-4761-8E45-B71ABCCA8C68} = {81CE8DAF-EBB2-4761-8E45-B71ABCCA8C68}
	EndProjectSection
EndProject
Project("{8BC9CEB8-8B4A-11D0-8D11-00A0C91BC942}") = "Stuff", "Stuff\Stuff.vcproj", "{4FA1501A-FBF7-41BF-B828-D7FE9CDE427A}"
	ProjectSection(ProjectDependencies) = postProject
		{DE49562B-F87F-48FE-AE4B-2ACE89892231} = {DE49562B-F87F-48FE-AE4B-2ACE89892231}
		{A10E8C75-5ED6-43CA-B317-06981CFF2D85} = {A10E8C75-5ED6-43CA-B317-06981CFF2D85}
		{EA241681-43C8-4918-B6DA-270B8D2E9723} = {EA241681-43C8-4918-B6DA-270B8D2E9723}
		{81CE8DAF-EBB2-4761-8E45-B71ABCCA8C68} = {81CE8DAF-EBB2-4761-8E45-B71ABCCA8C68}
	EndProjectSection
EndProject
Project("{8BC9CEB8-8B4A-11D0-8D11-00A0C91BC942}") = "UnitTests", "UnitTests\UnitTests.vcproj", "{D9A503A4-F13B-4E32-B08D-866615DA4874}"
	ProjectSection(ProjectDependencies) = postProject
		{4FA1501A-FBF7-41BF-B828-D7FE9CDE427A} = {4FA1501A-FBF7-41BF-B828-D7FE9CDE427A}
		{A10E8C75-5ED6-43CA-B317-06981CFF2D85} = {A10E8C75-5ED6-43CA-B317-06981CFF2D85}
		{EA241681-43C8-4918-B6DA-270B8D2E9723} = {EA241681-43C8-4918-B6DA-270B8D2E9723}
		{81CE8DAF-EBB2-4761-8E45-B71ABCCA8C68} = {81CE8DAF-EBB2-4761-8E45-B71ABCCA8C68}
	EndProjectSection
EndProject
Project("{8BC9CEB8-8B4A-11D0-8D11-00A0C91BC942}") = "tokamak", "tokamak\tokamak.vcproj", "{DE49562B-F87F-48FE-AE4B-2ACE89892231}"
EndProject
Project("{8BC9CEB8-8B4A-11D0-8D11-00A0C91BC942}") = "crypto-algorithms", "crypto-algorithms\crypto-algorithms.vcproj", "{FB352594-F049-5421-CADD-504934925049}"
EndProject
Project("{8BC9CEB8-8B4A-11D0-8D11-00A0C91BC942}") = "HashFiles", "HashFiles\HashFiles.vcproj", "{93E851F0-5F1A-4E33-B3B3-7468AECC6825}"
EndProject
Global
	GlobalSection(SolutionConfigurationPlatforms) = preSolution
		Debug|Win32 = Debug|Win32
		Release|Win32 = Release|Win32
	EndGlobalSection
	GlobalSection(ProjectConfigurationPlatforms) = postSolution
		{E570D697-10B4-45C2-BBB3-5A12017255D3}.Debug|Win32.ActiveCfg = Debug|Win32
		{E570D697-10B4-45C2-BBB3-5A12017255D3}.Debug|Win32.Build.0 = Debug|Win32
		{E570D697-10B4-45C2-BBB3-5A12017255D3}.Release|Win32.ActiveCfg = Release|Win32
		{E570D697-10B4-45C2-BBB3-5A12017255D3}.Release|Win32.Build.0 = Release|Win32
		{A10E8C75-5ED6-43CA-B317-06981CFF2D85}.Debug|Win32.ActiveCfg = Debug|Win32
		{A10E8C75-5ED6-43CA-B317-06981CFF2D85}.Debug|Win32.Build.0 = Debug|Win32
		{A10E8C75-5ED6-43CA-B317-06981CFF2D85}.Release|Win32.ActiveCfg = Release|Win32
		{A10E8C75-5ED6-43CA-B317-06981CFF2D85}.Release|Win32.Build.0 = Release|Win32
		{81CE8DAF-EBB2-4761-8E45-B71ABCCA8C68}.Debug|Win32.ActiveCfg = Debug|Win32
		{81CE8DAF-EBB2-4761-8E45-B71ABCCA8C68}.Debug|Win32.Build.0 = Debug|Win32
		{81CE8DAF-EBB2-4761-8E45-B71ABCCA8C68}.Release|Win32.ActiveCfg = Release|Win32
		{81CE8DAF-EBB2-4761-8E45-B71ABCCA8C68}.Release|Win32.Build.0 = Release|Win32
		{EA241681-43C8-4918-B6DA-270B8D2E9723}.Debug|Win32.ActiveCfg = Debug|Win32
		{EA241681-43C8-4918-B6DA-270B8D2E9723}.Debug|Win32.Build.0 = Debug|Win32
		{EA241681-43C8-4918-B6DA-270B8D2E9723}.Release|Win32.ActiveCfg = Release|Win32
		{EA241681-43C8-4918-B6DA-270B8D2E9723}.Release|Win32.Build.0 = Release|Win32
		{4FA1501A-FBF7-41BF-B828-D7FE9CDE427A}.Debug|Win32.ActiveCfg = Debug|Win32
		{4FA1501A-FBF7-41BF-B828-D7FE9CDE427A}.Debug|Win32.Build.0 = Debug|Win32
		{4FA1501A-FBF7-41BF-B828-D7FE9CDE427A}.Release|Win32.ActiveCfg = Release|Win32
		{4FA1501A-FBF7-41BF-B828-D7FE9CDE427A}.Release|Win32.Build.0 = Release|Win32
		{D9A503A4-F13B-4E32-B08D-866615DA4874}.Debug|Win32.ActiveCfg = Debug|Win32
		{D9A503A4-F13B-4E32-B08D-866615DA4874}.Debug|Win32.Build.0 = Debug|Win32
		{D9A503A4-F13B-4E32-B08D-866615DA4874}.Release|Win32.ActiveCfg = Release|Win32
		{D9A503A4-F13B-4E32-B08D-866615DA4874}.Release|Win32.Build.0 = Release|Win32
		{DE49562B-F87F-48FE-AE4B-2ACE89892231}.Debug|Win32.ActiveCfg = Debug|Win32
		{DE49562B-F87F-48FE-AE4B-2ACE89892231}.Debug|Win32.Build.0 = Debug|Win32
		{DE49562B-F87F-48FE-AE4B-2ACE89892231}.Release|Win32.ActiveCfg = Release|Win32
		{DE49562B-F87F-48FE-AE4B-2ACE89892231}.Release|Win32.Build.0 = Release|Win32
		{FB352594-F049-5421-CADD-504934925049}.Debug|Win32.ActiveCfg = Debug|Win32
		{FB352594-F049-5421-CADD-504934925049}.Debug|Win32.Build.0 = Debug|Win32
		{FB352594-F049-5421-CADD-504934925049}.Release|Win32.ActiveCfg = Release|Win32
		{FB352594-F049-5421-CADD-504934925049}.Release|Win32.Build.0 = Release|Win32
		{93E851F0-5F1A-4E33-B3B3-7468AECC6825}.Debug|Win32.ActiveCfg = Debug|Win32
		{93E851F0-5F1A-4E33-B3B3-7468AECC6825}.Debug|Win32.Build.0 = Debug|Win32
		{93E851F0-5F1A-4E33-B3B3-7468AECC6825}.Release|Win32.ActiveCfg = Release|Win32
		{93E851F0-5F1A-4E33-B3B3-7468AECC6825}.Release|Win32.Build.0 = Release|Win32
	EndGlobalSection
	GlobalSection(SolutionProperties) = preSolution
		HideSolutionNode = FALSE
	EndGlobalSection
EndGlobal
