
Microsoft Visual Studio Solution File, Format Version 9.00
# Visual Studio 2005
Project("{8BC9CEB8-8B4A-11D0-8D11-00A0C91BC942}") = "NateCommander", "NateCommander.vcproj", "{E570D697-10B4-45C2-BBB3-5A12017255D3}"
EndProject
Global
	GlobalSection(SolutionConfigurationPlatforms) = preSolution
		Debug|Win32 = Debug|Win32
		Release|Win32 = Release|Win32
	EndGlobalSection
	GlobalSection(ProjectConfigurationPlatforms) = postSolution
		{E570D697-10B4-45C2-BBB3-5A12017255D3}.Debug|Win32.ActiveCfg = Debug|Win32
		{E570D697-10B4-45C2-BBB3-5A12017255D3}.Debug|Win32.Build.0 = Debug|Win32
		{E570D697-10B4-45C2-BBB3-5A12017255D3}.Release|Win32.ActiveCfg = Release|Win32
		{E570D697-10B4-45C2-BBB3-5A12017255D3}.Release|Win32.Build.0 = Release|Win32
	EndGlobalSection
	GlobalSection(SolutionProperties) = preSolution
		HideSolutionNode = FALSE
	EndGlobalSection
EndGlobal
